
Microsoft Visual Studio Solution File, Format Version 12.00
# Visual Studio 15
VisualStudioVersion = 15.0.28010.2019
MinimumVisualStudioVersion = 10.0.40219.1
Project("{FAE04EC0-301F-11D3-BF4B-00C04F79EFBC}") = "NetworkEngine.Manager", "NetworkEngine.Manager\NetworkEngine.Manager.csproj", "{D410B782-9087-431F-A752-86B000F99C32}"
EndProject
Project("{FAE04EC0-301F-11D3-BF4B-00C04F79EFBC}") = "NetworkEngine.Manager.Core", "NetworkEngine.Manager.Core\NetworkEngine.Manager.Core.csproj", "{22E96CF5-71CF-4FF6-8A31-913D20A97AF2}"
EndProject
Global
	GlobalSection(SolutionConfigurationPlatforms) = preSolution
		Debug|Any CPU = Debug|Any CPU
		Release|Any CPU = Release|Any CPU
	EndGlobalSection
	GlobalSection(ProjectConfigurationPlatforms) = postSolution
		{D410B782-9087-431F-A752-86B000F99C32}.Debug|Any CPU.ActiveCfg = Debug|Any CPU
		{D410B782-9087-431F-A752-86B000F99C32}.Debug|Any CPU.Build.0 = Debug|Any CPU
		{D410B782-9087-431F-A752-86B000F99C32}.Release|Any CPU.ActiveCfg = Release|Any CPU
		{D410B782-9087-431F-A752-86B000F99C32}.Release|Any CPU.Build.0 = Release|Any CPU
		{22E96CF5-71CF-4FF6-8A31-913D20A97AF2}.Debug|Any CPU.ActiveCfg = Debug|Any CPU
		{22E96CF5-71CF-4FF6-8A31-913D20A97AF2}.Debug|Any CPU.Build.0 = Debug|Any CPU
		{22E96CF5-71CF-4FF6-8A31-913D20A97AF2}.Release|Any CPU.ActiveCfg = Release|Any CPU
		{22E96CF5-71CF-4FF6-8A31-913D20A97AF2}.Release|Any CPU.Build.0 = Release|Any CPU
	EndGlobalSection
	GlobalSection(SolutionProperties) = preSolution
		HideSolutionNode = FALSE
	EndGlobalSection
	GlobalSection(ExtensibilityGlobals) = postSolution
		SolutionGuid = {3913686F-904E-4521-A268-9F27AD05C57A}
	EndGlobalSection
EndGlobal
